
Microsoft Visual Studio Solution File, Format Version 12.00
# Visual Studio Version 17
VisualStudioVersion = 17.5.33516.290
MinimumVisualStudioVersion = 10.0.40219.1
Project("{2150E333-8FDC-42A3-9474-1A3956D46DE8}") = "Pasta", "Pasta", "{B960E528-7F5B-4C69-B6AB-729E63F18348}"
EndProject
Project("{FAE04EC0-301F-11D3-BF4B-00C04F79EFBC}") = "Classe", "Classe\Classe.csproj", "{22F596F2-E1F9-431A-8FA8-E931BE7AEAD1}"
EndProject
Global
	GlobalSection(SolutionConfigurationPlatforms) = preSolution
		Debug|Any CPU = Debug|Any CPU
		Release|Any CPU = Release|Any CPU
	EndGlobalSection
	GlobalSection(ProjectConfigurationPlatforms) = postSolution
		{22F596F2-E1F9-431A-8FA8-E931BE7AEAD1}.Debug|Any CPU.ActiveCfg = Debug|Any CPU
		{22F596F2-E1F9-431A-8FA8-E931BE7AEAD1}.Debug|Any CPU.Build.0 = Debug|Any CPU
		{22F596F2-E1F9-431A-8FA8-E931BE7AEAD1}.Release|Any CPU.ActiveCfg = Release|Any CPU
		{22F596F2-E1F9-431A-8FA8-E931BE7AEAD1}.Release|Any CPU.Build.0 = Release|Any CPU
	EndGlobalSection
	GlobalSection(SolutionProperties) = preSolution
		HideSolutionNode = FALSE
	EndGlobalSection
	GlobalSection(NestedProjects) = preSolution
		{22F596F2-E1F9-431A-8FA8-E931BE7AEAD1} = {B960E528-7F5B-4C69-B6AB-729E63F18348}
	EndGlobalSection
	GlobalSection(ExtensibilityGlobals) = postSolution
		SolutionGuid = {B9D2929E-A2DC-49B4-959E-F2628B73EEEF}
	EndGlobalSection
EndGlobal
